{
    "requires": true,
    "lockfileVersion": 1,
    "dependencies": {
        "@github/time-elements": {
            "version": "3.1.2",
            "resolved": "https://registry.npmjs.org/@github/time-elements/-/time-elements-3.1.2.tgz",
            "integrity": "sha512-YVtZVLBikP6I7na22kfB9PKIseISwX41MFJ7lPuNz1VVH2IR5cpRRU6F1X6kcchPChljuvMUR4OiwMWHOJQ8kQ=="
        },
        "bootstrap": {
            "version": "4.6.0",
            "resolved": "https://registry.npmjs.org/bootstrap/-/bootstrap-4.6.0.tgz",
            "integrity": "sha512-Io55IuQY3kydzHtbGvQya3H+KorS/M9rSNyfCGCg9WZ4pyT/lCxIlpJgG1GXW/PswzC84Tr2fBYi+7+jFVQQBw=="
        },
        "iframe-resizer": {
            "version": "4.3.2",
            "resolved": "https://registry.npmjs.org/iframe-resizer/-/iframe-resizer-4.3.2.tgz",
            "integrity": "sha512-gOWo2hmdPjMQsQ+zTKbses08mDfDEMh4NneGQNP4qwePYujY1lguqP6gnbeJkf154gojWlBhIltlgnMfYjGHWA=="
        },
        "izitoast": {
            "version": "1.4.0",
            "resolved": "https://registry.npmjs.org/izitoast/-/izitoast-1.4.0.tgz",
            "integrity": "sha512-Oc1X2wiQtPp39i5VpIjf3GJf5sfCtHKXZ5szx7RareyEeFLUlcEW0FSfBni28+Ul6KNKZRKzhVuWzSP4Xngh0w=="
        },
        "jquery": {
            "version": "3.6.0",
            "resolved": "https://registry.npmjs.org/jquery/-/jquery-3.6.0.tgz",
            "integrity": "sha512-JVzAR/AjBvVt2BmYhxRCSYysDsPcssdmTFnzyLEts9qNwmjmu4JTAMYubEfwVOSwpQ1I1sKKFcxhZCI2buerfw=="
        },
        "popper.js": {
            "version": "1.16.1",
            "resolved": "https://registry.npmjs.org/popper.js/-/popper.js-1.16.1.tgz",
            "integrity": "sha512-Wb4p1J4zyFTbM+u6WuO4XstYx4Ky9Cewe4DWrel7B0w6VVICvPwdOpotjzcf6eD8TsckVnIMNONQyPIUFOUbCQ=="
        },
        "pretty-checkbox": {
            "version": "3.0.3",
            "resolved": "https://registry.npmjs.org/pretty-checkbox/-/pretty-checkbox-3.0.3.tgz",
            "integrity": "sha1-1JyAE6j8CO4MLW695FNGS/28Qo4="
        },
        "yii2-pjax": {
            "version": "2.0.7",
            "resolved": "https://registry.npmjs.org/yii2-pjax/-/yii2-pjax-2.0.7.tgz",
            "integrity": "sha1-/h+DUK7RwRxuzdFNra0DvYsTsZo="
        }
    }
}
